{
  "pins" : [
    {
      "identity" : "jsonsyntax",
      "kind" : "remoteSourceControl",
      "location" : "https://github.com/OlegKetrar/JsonSyntax",
      "state" : {
        "branch" : "dev",
        "revision" : "f186dee4190c79d6284fda89fafb23995e8d907c"
      }
    }
  ],
  "version" : 2
}
