{
  "object": {
    "pins": [
      {
        "package": "JsonSyntax",
        "repositoryURL": "https://github.com/OlegKetrar/JsonSyntax",
        "state": {
          "branch": null,
          "revision": "c32a1a0d2fc7cddb0f8babaf22c2fe10abf5303a",
          "version": "0.2.0"
        }
      }
    ]
  },
  "version": 1
}
