{
  "pins" : [
    {
      "identity" : "jsonsyntax",
      "kind" : "remoteSourceControl",
      "location" : "https://github.com/OlegKetrar/JsonSyntax",
      "state" : {
        "branch" : "master",
        "revision" : "1434441f7005aec8624e367578d9db76eb27dbdf"
      }
    }
  ],
  "version" : 2
}
