{
  "pins" : [
    {
      "identity" : "jsonsyntax",
      "kind" : "remoteSourceControl",
      "location" : "https://github.com/OlegKetrar/JsonSyntax",
      "state" : {
        "revision" : "dd13caa10d2c8795a96e8e9efc27c82c859f1bf9",
        "version" : "0.2.1"
      }
    }
  ],
  "version" : 2
}
