// !$*UTF8*$!
{
	archiveVersion = 1;
	classes = {
	};
	objectVersion = 46;
	objects = {

/* Begin PBXBuildFile section */
		5520875323413FA60049EDBA /* AppDelegate.swift in Sources */ = {isa = PBXBuildFile; fileRef = 5520875223413FA60049EDBA /* AppDelegate.swift */; };
		5520875523413FA60049EDBA /* SceneDelegate.swift in Sources */ = {isa = PBXBuildFile; fileRef = 5520875423413FA60049EDBA /* SceneDelegate.swift */; };
		5520875723413FA60049EDBA /* ViewController.swift in Sources */ = {isa = PBXBuildFile; fileRef = 5520875623413FA60049EDBA /* ViewController.swift */; };
		5520875A23413FA60049EDBA /* Main.storyboard in Resources */ = {isa = PBXBuildFile; fileRef = 5520875823413FA60049EDBA /* Main.storyboard */; };
		5520875C23413FA70049EDBA /* Assets.xcassets in Resources */ = {isa = PBXBuildFile; fileRef = 5520875B23413FA70049EDBA /* Assets.xcassets */; };
		5520875F23413FA70049EDBA /* LaunchScreen.storyboard in Resources */ = {isa = PBXBuildFile; fileRef = 5520875D23413FA70049EDBA /* LaunchScreen.storyboard */; };
		5520876C23415FC20049EDBA /* NetworkMonitor.framework in Frameworks */ = {isa = PBXBuildFile; fileRef = "NetworkMonitor::NetworkMonitor::Product" /* NetworkMonitor.framework */; };
		5520876D23415FC20049EDBA /* NetworkMonitor.framework in Embed Frameworks */ = {isa = PBXBuildFile; fileRef = "NetworkMonitor::NetworkMonitor::Product" /* NetworkMonitor.framework */; settings = {ATTRIBUTES = (CodeSignOnCopy, RemoveHeadersOnCopy, ); }; };
		55A5FA8923376BB9003840C5 /* Presenter.swift in Sources */ = {isa = PBXBuildFile; fileRef = 55A5FA8823376BB9003840C5 /* Presenter.swift */; };
		55A5FA8B23376E49003840C5 /* HaveShareButton.swift in Sources */ = {isa = PBXBuildFile; fileRef = 55A5FA8A23376E49003840C5 /* HaveShareButton.swift */; };
		OBJ_41 /* ActivityEvent.swift in Sources */ = {isa = PBXBuildFile; fileRef = OBJ_8 /* ActivityEvent.swift */; };
		OBJ_42 /* ActivitySession.swift in Sources */ = {isa = PBXBuildFile; fileRef = OBJ_9 /* ActivitySession.swift */; };
		OBJ_43 /* FileSharingTrait.swift in Sources */ = {isa = PBXBuildFile; fileRef = OBJ_10 /* FileSharingTrait.swift */; };
		OBJ_44 /* LogArchiver.swift in Sources */ = {isa = PBXBuildFile; fileRef = OBJ_11 /* LogArchiver.swift */; };
		OBJ_45 /* NetworkMonitor.swift in Sources */ = {isa = PBXBuildFile; fileRef = OBJ_12 /* NetworkMonitor.swift */; };
		OBJ_46 /* Monitor.swift in Sources */ = {isa = PBXBuildFile; fileRef = OBJ_13 /* Monitor.swift */; };
		OBJ_47 /* PlainTextFormatter.swift in Sources */ = {isa = PBXBuildFile; fileRef = OBJ_14 /* PlainTextFormatter.swift */; };
		OBJ_48 /* EventCell.swift in Sources */ = {isa = PBXBuildFile; fileRef = OBJ_16 /* EventCell.swift */; };
		OBJ_49 /* EventDetailsPresenter.swift in Sources */ = {isa = PBXBuildFile; fileRef = OBJ_17 /* EventDetailsPresenter.swift */; };
		OBJ_50 /* EventDetailsVC.swift in Sources */ = {isa = PBXBuildFile; fileRef = OBJ_18 /* EventDetailsVC.swift */; };
		OBJ_51 /* JsonCodeView.swift in Sources */ = {isa = PBXBuildFile; fileRef = OBJ_19 /* JsonCodeView.swift */; };
		OBJ_52 /* SessionPresenter.swift in Sources */ = {isa = PBXBuildFile; fileRef = OBJ_21 /* SessionPresenter.swift */; };
		OBJ_53 /* SessionVC.swift in Sources */ = {isa = PBXBuildFile; fileRef = OBJ_22 /* SessionVC.swift */; };
		OBJ_54 /* SessionListPresenter.swift in Sources */ = {isa = PBXBuildFile; fileRef = OBJ_24 /* SessionListPresenter.swift */; };
		OBJ_55 /* SessionListVC.swift in Sources */ = {isa = PBXBuildFile; fileRef = OBJ_25 /* SessionListVC.swift */; };
		OBJ_56 /* Colors.swift in Sources */ = {isa = PBXBuildFile; fileRef = OBJ_27 /* Colors.swift */; };
		OBJ_57 /* FoundationExtensions.swift in Sources */ = {isa = PBXBuildFile; fileRef = OBJ_28 /* FoundationExtensions.swift */; };
		OBJ_58 /* HavePreloaderButton.swift in Sources */ = {isa = PBXBuildFile; fileRef = OBJ_29 /* HavePreloaderButton.swift */; };
		OBJ_59 /* Observable.swift in Sources */ = {isa = PBXBuildFile; fileRef = OBJ_30 /* Observable.swift */; };
		OBJ_60 /* ReusableCell.swift in Sources */ = {isa = PBXBuildFile; fileRef = OBJ_31 /* ReusableCell.swift */; };
		OBJ_61 /* UIView+with.swift in Sources */ = {isa = PBXBuildFile; fileRef = OBJ_32 /* UIView+with.swift */; };
/* End PBXBuildFile section */

/* Begin PBXContainerItemProxy section */
		5520876E23415FC20049EDBA /* PBXContainerItemProxy */ = {
			isa = PBXContainerItemProxy;
			containerPortal = OBJ_1 /* Project object */;
			proxyType = 1;
			remoteGlobalIDString = "NetworkMonitor::NetworkMonitor";
			remoteInfo = NetworkMonitor;
		};
/* End PBXContainerItemProxy section */

/* Begin PBXCopyFilesBuildPhase section */
		5520877023415FC20049EDBA /* Embed Frameworks */ = {
			isa = PBXCopyFilesBuildPhase;
			buildActionMask = 12;
			dstPath = "";
			dstSubfolderSpec = 10;
			files = (
				5520876D23415FC20049EDBA /* NetworkMonitor.framework in Embed Frameworks */,
			);
			name = "Embed Frameworks";
			runOnlyForDeploymentPostprocessing = 0;
		};
/* End PBXCopyFilesBuildPhase section */

/* Begin PBXFileReference section */
		5520875023413FA60049EDBA /* Example-iOS.app */ = {isa = PBXFileReference; explicitFileType = wrapper.application; includeInIndex = 0; path = "Example-iOS.app"; sourceTree = BUILT_PRODUCTS_DIR; };
		5520875223413FA60049EDBA /* AppDelegate.swift */ = {isa = PBXFileReference; fileEncoding = 4; indentWidth = 3; lastKnownFileType = sourcecode.swift; lineEnding = 0; path = AppDelegate.swift; sourceTree = "<group>"; tabWidth = 3; };
		5520875423413FA60049EDBA /* SceneDelegate.swift */ = {isa = PBXFileReference; fileEncoding = 4; indentWidth = 3; lastKnownFileType = sourcecode.swift; lineEnding = 0; path = SceneDelegate.swift; sourceTree = "<group>"; tabWidth = 3; };
		5520875623413FA60049EDBA /* ViewController.swift */ = {isa = PBXFileReference; fileEncoding = 4; indentWidth = 3; lastKnownFileType = sourcecode.swift; lineEnding = 0; path = ViewController.swift; sourceTree = "<group>"; tabWidth = 3; };
		5520875923413FA60049EDBA /* Base */ = {isa = PBXFileReference; lastKnownFileType = file.storyboard; name = Base; path = Base.lproj/Main.storyboard; sourceTree = "<group>"; };
		5520875B23413FA70049EDBA /* Assets.xcassets */ = {isa = PBXFileReference; lastKnownFileType = folder.assetcatalog; path = Assets.xcassets; sourceTree = "<group>"; };
		5520875E23413FA70049EDBA /* Base */ = {isa = PBXFileReference; lastKnownFileType = file.storyboard; name = Base; path = Base.lproj/LaunchScreen.storyboard; sourceTree = "<group>"; };
		5520876023413FA70049EDBA /* Info.plist */ = {isa = PBXFileReference; lastKnownFileType = text.plist.xml; path = Info.plist; sourceTree = "<group>"; };
		55A5FA8823376BB9003840C5 /* Presenter.swift */ = {isa = PBXFileReference; fileEncoding = 4; indentWidth = 3; lastKnownFileType = sourcecode.swift; lineEnding = 0; path = Presenter.swift; sourceTree = "<group>"; tabWidth = 3; };
		55A5FA8A23376E49003840C5 /* HaveShareButton.swift */ = {isa = PBXFileReference; fileEncoding = 4; indentWidth = 3; lastKnownFileType = sourcecode.swift; lineEnding = 0; path = HaveShareButton.swift; sourceTree = "<group>"; tabWidth = 3; };
		"NetworkMonitor::NetworkMonitor::Product" /* NetworkMonitor.framework */ = {isa = PBXFileReference; lastKnownFileType = wrapper.framework; path = NetworkMonitor.framework; sourceTree = BUILT_PRODUCTS_DIR; };
		OBJ_10 /* FileSharingTrait.swift */ = {isa = PBXFileReference; fileEncoding = 4; indentWidth = 3; lastKnownFileType = sourcecode.swift; lineEnding = 0; path = FileSharingTrait.swift; sourceTree = "<group>"; tabWidth = 3; };
		OBJ_11 /* LogArchiver.swift */ = {isa = PBXFileReference; fileEncoding = 4; indentWidth = 3; lastKnownFileType = sourcecode.swift; lineEnding = 0; path = LogArchiver.swift; sourceTree = "<group>"; tabWidth = 3; };
		OBJ_12 /* NetworkMonitor.swift */ = {isa = PBXFileReference; fileEncoding = 4; indentWidth = 3; lastKnownFileType = sourcecode.swift; lineEnding = 0; path = NetworkMonitor.swift; sourceTree = "<group>"; tabWidth = 3; };
		OBJ_13 /* Monitor.swift */ = {isa = PBXFileReference; fileEncoding = 4; indentWidth = 3; lastKnownFileType = sourcecode.swift; lineEnding = 0; path = Monitor.swift; sourceTree = "<group>"; tabWidth = 3; usesTabs = 0; };
		OBJ_14 /* PlainTextFormatter.swift */ = {isa = PBXFileReference; fileEncoding = 4; indentWidth = 3; lastKnownFileType = sourcecode.swift; lineEnding = 0; path = PlainTextFormatter.swift; sourceTree = "<group>"; tabWidth = 3; };
		OBJ_16 /* EventCell.swift */ = {isa = PBXFileReference; fileEncoding = 4; indentWidth = 3; lastKnownFileType = sourcecode.swift; lineEnding = 0; path = EventCell.swift; sourceTree = "<group>"; tabWidth = 3; };
		OBJ_17 /* EventDetailsPresenter.swift */ = {isa = PBXFileReference; fileEncoding = 4; indentWidth = 3; lastKnownFileType = sourcecode.swift; lineEnding = 0; path = EventDetailsPresenter.swift; sourceTree = "<group>"; tabWidth = 3; };
		OBJ_18 /* EventDetailsVC.swift */ = {isa = PBXFileReference; fileEncoding = 4; indentWidth = 3; lastKnownFileType = sourcecode.swift; lineEnding = 0; path = EventDetailsVC.swift; sourceTree = "<group>"; tabWidth = 3; };
		OBJ_19 /* JsonCodeView.swift */ = {isa = PBXFileReference; fileEncoding = 4; indentWidth = 3; lastKnownFileType = sourcecode.swift; lineEnding = 0; path = JsonCodeView.swift; sourceTree = "<group>"; tabWidth = 3; };
		OBJ_21 /* SessionPresenter.swift */ = {isa = PBXFileReference; fileEncoding = 4; indentWidth = 3; lastKnownFileType = sourcecode.swift; lineEnding = 0; path = SessionPresenter.swift; sourceTree = "<group>"; tabWidth = 3; };
		OBJ_22 /* SessionVC.swift */ = {isa = PBXFileReference; fileEncoding = 4; indentWidth = 3; lastKnownFileType = sourcecode.swift; lineEnding = 0; path = SessionVC.swift; sourceTree = "<group>"; tabWidth = 3; };
		OBJ_24 /* SessionListPresenter.swift */ = {isa = PBXFileReference; fileEncoding = 4; indentWidth = 3; lastKnownFileType = sourcecode.swift; lineEnding = 0; path = SessionListPresenter.swift; sourceTree = "<group>"; tabWidth = 3; };
		OBJ_25 /* SessionListVC.swift */ = {isa = PBXFileReference; fileEncoding = 4; indentWidth = 3; lastKnownFileType = sourcecode.swift; lineEnding = 0; path = SessionListVC.swift; sourceTree = "<group>"; tabWidth = 3; };
		OBJ_27 /* Colors.swift */ = {isa = PBXFileReference; fileEncoding = 4; indentWidth = 3; lastKnownFileType = sourcecode.swift; lineEnding = 0; path = Colors.swift; sourceTree = "<group>"; tabWidth = 3; };
		OBJ_28 /* FoundationExtensions.swift */ = {isa = PBXFileReference; fileEncoding = 4; indentWidth = 3; lastKnownFileType = sourcecode.swift; lineEnding = 0; path = FoundationExtensions.swift; sourceTree = "<group>"; tabWidth = 3; };
		OBJ_29 /* HavePreloaderButton.swift */ = {isa = PBXFileReference; fileEncoding = 4; indentWidth = 3; lastKnownFileType = sourcecode.swift; lineEnding = 0; path = HavePreloaderButton.swift; sourceTree = "<group>"; tabWidth = 3; };
		OBJ_30 /* Observable.swift */ = {isa = PBXFileReference; fileEncoding = 4; indentWidth = 3; lastKnownFileType = sourcecode.swift; lineEnding = 0; path = Observable.swift; sourceTree = "<group>"; tabWidth = 3; };
		OBJ_31 /* ReusableCell.swift */ = {isa = PBXFileReference; fileEncoding = 4; indentWidth = 3; lastKnownFileType = sourcecode.swift; lineEnding = 0; path = ReusableCell.swift; sourceTree = "<group>"; tabWidth = 3; };
		OBJ_32 /* UIView+with.swift */ = {isa = PBXFileReference; fileEncoding = 4; indentWidth = 3; lastKnownFileType = sourcecode.swift; lineEnding = 0; path = "UIView+with.swift"; sourceTree = "<group>"; tabWidth = 3; };
		OBJ_6 /* Package.swift */ = {isa = PBXFileReference; explicitFileType = sourcecode.swift; fileEncoding = 4; indentWidth = 3; lineEnding = 0; path = Package.swift; sourceTree = "<group>"; tabWidth = 3; };
		OBJ_8 /* ActivityEvent.swift */ = {isa = PBXFileReference; fileEncoding = 4; indentWidth = 3; lastKnownFileType = sourcecode.swift; lineEnding = 0; path = ActivityEvent.swift; sourceTree = "<group>"; tabWidth = 3; };
		OBJ_9 /* ActivitySession.swift */ = {isa = PBXFileReference; fileEncoding = 4; indentWidth = 3; lastKnownFileType = sourcecode.swift; lineEnding = 0; path = ActivitySession.swift; sourceTree = "<group>"; tabWidth = 3; };
/* End PBXFileReference section */

/* Begin PBXFrameworksBuildPhase section */
		5520874D23413FA60049EDBA /* Frameworks */ = {
			isa = PBXFrameworksBuildPhase;
			buildActionMask = 2147483647;
			files = (
				5520876C23415FC20049EDBA /* NetworkMonitor.framework in Frameworks */,
			);
			runOnlyForDeploymentPostprocessing = 0;
		};
		OBJ_62 /* Frameworks */ = {
			isa = PBXFrameworksBuildPhase;
			buildActionMask = 0;
			files = (
			);
			runOnlyForDeploymentPostprocessing = 0;
		};
/* End PBXFrameworksBuildPhase section */

/* Begin PBXGroup section */
		5520875123413FA60049EDBA /* Example-iOS */ = {
			isa = PBXGroup;
			children = (
				5520875223413FA60049EDBA /* AppDelegate.swift */,
				5520875423413FA60049EDBA /* SceneDelegate.swift */,
				5520875623413FA60049EDBA /* ViewController.swift */,
				5520875823413FA60049EDBA /* Main.storyboard */,
				5520875B23413FA70049EDBA /* Assets.xcassets */,
				5520875D23413FA70049EDBA /* LaunchScreen.storyboard */,
				5520876023413FA70049EDBA /* Info.plist */,
			);
			path = "Example-iOS";
			sourceTree = "<group>";
		};
		5520876623415F070049EDBA /* Frameworks */ = {
			isa = PBXGroup;
			children = (
			);
			name = Frameworks;
			sourceTree = "<group>";
		};
		55A5FA8723376B8A003840C5 /* public */ = {
			isa = PBXGroup;
			children = (
				OBJ_13 /* Monitor.swift */,
				OBJ_8 /* ActivityEvent.swift */,
				OBJ_14 /* PlainTextFormatter.swift */,
			);
			path = public;
			sourceTree = "<group>";
		};
		OBJ_15 /* eventDetails */ = {
			isa = PBXGroup;
			children = (
				OBJ_17 /* EventDetailsPresenter.swift */,
				OBJ_18 /* EventDetailsVC.swift */,
				OBJ_16 /* EventCell.swift */,
				OBJ_19 /* JsonCodeView.swift */,
			);
			path = eventDetails;
			sourceTree = "<group>";
		};
		OBJ_20 /* session */ = {
			isa = PBXGroup;
			children = (
				OBJ_21 /* SessionPresenter.swift */,
				OBJ_22 /* SessionVC.swift */,
			);
			path = session;
			sourceTree = "<group>";
		};
		OBJ_23 /* sessionList */ = {
			isa = PBXGroup;
			children = (
				OBJ_24 /* SessionListPresenter.swift */,
				OBJ_25 /* SessionListVC.swift */,
			);
			path = sessionList;
			sourceTree = "<group>";
		};
		OBJ_26 /* utils */ = {
			isa = PBXGroup;
			children = (
				OBJ_27 /* Colors.swift */,
				OBJ_28 /* FoundationExtensions.swift */,
				OBJ_29 /* HavePreloaderButton.swift */,
				55A5FA8A23376E49003840C5 /* HaveShareButton.swift */,
				OBJ_30 /* Observable.swift */,
				OBJ_31 /* ReusableCell.swift */,
				OBJ_32 /* UIView+with.swift */,
			);
			path = utils;
			sourceTree = "<group>";
		};
		OBJ_33 /* Tests */ = {
			isa = PBXGroup;
			children = (
			);
			name = Tests;
			sourceTree = SOURCE_ROOT;
		};
		OBJ_34 /* Products */ = {
			isa = PBXGroup;
			children = (
				"NetworkMonitor::NetworkMonitor::Product" /* NetworkMonitor.framework */,
				5520875023413FA60049EDBA /* Example-iOS.app */,
			);
			name = Products;
			sourceTree = BUILT_PRODUCTS_DIR;
		};
		OBJ_5 = {
			isa = PBXGroup;
			children = (
				OBJ_6 /* Package.swift */,
				OBJ_7 /* Sources */,
				OBJ_33 /* Tests */,
				5520875123413FA60049EDBA /* Example-iOS */,
				OBJ_34 /* Products */,
				5520876623415F070049EDBA /* Frameworks */,
			);
			sourceTree = "<group>";
		};
		OBJ_7 /* Sources */ = {
			isa = PBXGroup;
			children = (
				55A5FA8723376B8A003840C5 /* public */,
				OBJ_12 /* NetworkMonitor.swift */,
				OBJ_9 /* ActivitySession.swift */,
				OBJ_11 /* LogArchiver.swift */,
				OBJ_10 /* FileSharingTrait.swift */,
				55A5FA8823376BB9003840C5 /* Presenter.swift */,
				OBJ_23 /* sessionList */,
				OBJ_20 /* session */,
				OBJ_15 /* eventDetails */,
				OBJ_26 /* utils */,
			);
			path = Sources;
			sourceTree = SOURCE_ROOT;
		};
/* End PBXGroup section */

/* Begin PBXNativeTarget section */
		5520874F23413FA60049EDBA /* Example-iOS */ = {
			isa = PBXNativeTarget;
			buildConfigurationList = 5520876323413FA70049EDBA /* Build configuration list for PBXNativeTarget "Example-iOS" */;
			buildPhases = (
				5520874C23413FA60049EDBA /* Sources */,
				5520874D23413FA60049EDBA /* Frameworks */,
				5520874E23413FA60049EDBA /* Resources */,
				5520877023415FC20049EDBA /* Embed Frameworks */,
			);
			buildRules = (
			);
			dependencies = (
				5520876F23415FC20049EDBA /* PBXTargetDependency */,
			);
			name = "Example-iOS";
			productName = "Example-iOS";
			productReference = 5520875023413FA60049EDBA /* Example-iOS.app */;
			productType = "com.apple.product-type.application";
		};
		"NetworkMonitor::NetworkMonitor" /* NetworkMonitor */ = {
			isa = PBXNativeTarget;
			buildConfigurationList = OBJ_37 /* Build configuration list for PBXNativeTarget "NetworkMonitor" */;
			buildPhases = (
				OBJ_40 /* Sources */,
				OBJ_62 /* Frameworks */,
			);
			buildRules = (
			);
			dependencies = (
			);
			name = NetworkMonitor;
			productName = NetworkMonitor;
			productReference = "NetworkMonitor::NetworkMonitor::Product" /* NetworkMonitor.framework */;
			productType = "com.apple.product-type.framework";
		};
/* End PBXNativeTarget section */

/* Begin PBXProject section */
		OBJ_1 /* Project object */ = {
			isa = PBXProject;
			attributes = {
				LastSwiftMigration = 9999;
				LastSwiftUpdateCheck = 1110;
				LastUpgradeCheck = 9999;
				ORGANIZATIONNAME = "Oleg Ketrar";
				TargetAttributes = {
					5520874F23413FA60049EDBA = {
						CreatedOnToolsVersion = 11.1;
						DevelopmentTeam = K3JVG969PH;
						ProvisioningStyle = Automatic;
					};
				};
			};
			buildConfigurationList = OBJ_2 /* Build configuration list for PBXProject "NetworkMonitor" */;
			compatibilityVersion = "Xcode 3.2";
			developmentRegion = en;
			hasScannedForEncodings = 0;
			knownRegions = (
				en,
				Base,
			);
			mainGroup = OBJ_5;
			productRefGroup = OBJ_34 /* Products */;
			projectDirPath = "";
			projectRoot = "";
			targets = (
				"NetworkMonitor::NetworkMonitor" /* NetworkMonitor */,
				5520874F23413FA60049EDBA /* Example-iOS */,
			);
		};
/* End PBXProject section */

/* Begin PBXResourcesBuildPhase section */
		5520874E23413FA60049EDBA /* Resources */ = {
			isa = PBXResourcesBuildPhase;
			buildActionMask = 2147483647;
			files = (
				5520875F23413FA70049EDBA /* LaunchScreen.storyboard in Resources */,
				5520875C23413FA70049EDBA /* Assets.xcassets in Resources */,
				5520875A23413FA60049EDBA /* Main.storyboard in Resources */,
			);
			runOnlyForDeploymentPostprocessing = 0;
		};
/* End PBXResourcesBuildPhase section */

/* Begin PBXSourcesBuildPhase section */
		5520874C23413FA60049EDBA /* Sources */ = {
			isa = PBXSourcesBuildPhase;
			buildActionMask = 2147483647;
			files = (
				5520875723413FA60049EDBA /* ViewController.swift in Sources */,
				5520875323413FA60049EDBA /* AppDelegate.swift in Sources */,
				5520875523413FA60049EDBA /* SceneDelegate.swift in Sources */,
			);
			runOnlyForDeploymentPostprocessing = 0;
		};
		OBJ_40 /* Sources */ = {
			isa = PBXSourcesBuildPhase;
			buildActionMask = 0;
			files = (
				OBJ_41 /* ActivityEvent.swift in Sources */,
				OBJ_42 /* ActivitySession.swift in Sources */,
				OBJ_43 /* FileSharingTrait.swift in Sources */,
				OBJ_44 /* LogArchiver.swift in Sources */,
				OBJ_45 /* NetworkMonitor.swift in Sources */,
				OBJ_46 /* Monitor.swift in Sources */,
				OBJ_47 /* PlainTextFormatter.swift in Sources */,
				OBJ_48 /* EventCell.swift in Sources */,
				OBJ_49 /* EventDetailsPresenter.swift in Sources */,
				OBJ_50 /* EventDetailsVC.swift in Sources */,
				OBJ_51 /* JsonCodeView.swift in Sources */,
				OBJ_52 /* SessionPresenter.swift in Sources */,
				55A5FA8923376BB9003840C5 /* Presenter.swift in Sources */,
				OBJ_53 /* SessionVC.swift in Sources */,
				OBJ_54 /* SessionListPresenter.swift in Sources */,
				OBJ_55 /* SessionListVC.swift in Sources */,
				55A5FA8B23376E49003840C5 /* HaveShareButton.swift in Sources */,
				OBJ_56 /* Colors.swift in Sources */,
				OBJ_57 /* FoundationExtensions.swift in Sources */,
				OBJ_58 /* HavePreloaderButton.swift in Sources */,
				OBJ_59 /* Observable.swift in Sources */,
				OBJ_60 /* ReusableCell.swift in Sources */,
				OBJ_61 /* UIView+with.swift in Sources */,
			);
			runOnlyForDeploymentPostprocessing = 0;
		};
/* End PBXSourcesBuildPhase section */

/* Begin PBXTargetDependency section */
		5520876F23415FC20049EDBA /* PBXTargetDependency */ = {
			isa = PBXTargetDependency;
			target = "NetworkMonitor::NetworkMonitor" /* NetworkMonitor */;
			targetProxy = 5520876E23415FC20049EDBA /* PBXContainerItemProxy */;
		};
/* End PBXTargetDependency section */

/* Begin PBXVariantGroup section */
		5520875823413FA60049EDBA /* Main.storyboard */ = {
			isa = PBXVariantGroup;
			children = (
				5520875923413FA60049EDBA /* Base */,
			);
			name = Main.storyboard;
			sourceTree = "<group>";
		};
		5520875D23413FA70049EDBA /* LaunchScreen.storyboard */ = {
			isa = PBXVariantGroup;
			children = (
				5520875E23413FA70049EDBA /* Base */,
			);
			name = LaunchScreen.storyboard;
			sourceTree = "<group>";
		};
/* End PBXVariantGroup section */

/* Begin XCBuildConfiguration section */
		5520876123413FA70049EDBA /* Debug */ = {
			isa = XCBuildConfiguration;
			buildSettings = {
				ALWAYS_SEARCH_USER_PATHS = NO;
				ASSETCATALOG_COMPILER_APPICON_NAME = AppIcon;
				CLANG_ANALYZER_NONNULL = YES;
				CLANG_ANALYZER_NUMBER_OBJECT_CONVERSION = YES_AGGRESSIVE;
				CLANG_CXX_LANGUAGE_STANDARD = "gnu++14";
				CLANG_CXX_LIBRARY = "libc++";
				CLANG_ENABLE_MODULES = YES;
				CLANG_ENABLE_OBJC_WEAK = YES;
				CLANG_WARN_BLOCK_CAPTURE_AUTORELEASING = YES;
				CLANG_WARN_BOOL_CONVERSION = YES;
				CLANG_WARN_COMMA = YES;
				CLANG_WARN_CONSTANT_CONVERSION = YES;
				CLANG_WARN_DEPRECATED_OBJC_IMPLEMENTATIONS = YES;
				CLANG_WARN_DIRECT_OBJC_ISA_USAGE = YES_ERROR;
				CLANG_WARN_DOCUMENTATION_COMMENTS = YES;
				CLANG_WARN_EMPTY_BODY = YES;
				CLANG_WARN_ENUM_CONVERSION = YES;
				CLANG_WARN_INFINITE_RECURSION = YES;
				CLANG_WARN_INT_CONVERSION = YES;
				CLANG_WARN_NON_LITERAL_NULL_CONVERSION = YES;
				CLANG_WARN_OBJC_IMPLICIT_RETAIN_SELF = YES;
				CLANG_WARN_OBJC_LITERAL_CONVERSION = YES;
				CLANG_WARN_OBJC_ROOT_CLASS = YES_ERROR;
				CLANG_WARN_RANGE_LOOP_ANALYSIS = YES;
				CLANG_WARN_STRICT_PROTOTYPES = YES;
				CLANG_WARN_SUSPICIOUS_MOVE = YES;
				CLANG_WARN_UNGUARDED_AVAILABILITY = YES_AGGRESSIVE;
				CLANG_WARN_UNREACHABLE_CODE = YES;
				CLANG_WARN__DUPLICATE_METHOD_MATCH = YES;
				CODE_SIGN_STYLE = Automatic;
				DEVELOPMENT_TEAM = K3JVG969PH;
				ENABLE_STRICT_OBJC_MSGSEND = YES;
				ENABLE_TESTABILITY = YES;
				GCC_C_LANGUAGE_STANDARD = gnu11;
				GCC_DYNAMIC_NO_PIC = NO;
				GCC_NO_COMMON_BLOCKS = YES;
				GCC_PREPROCESSOR_DEFINITIONS = (
					"DEBUG=1",
					"$(inherited)",
				);
				GCC_WARN_64_TO_32_BIT_CONVERSION = YES;
				GCC_WARN_ABOUT_RETURN_TYPE = YES_ERROR;
				GCC_WARN_UNDECLARED_SELECTOR = YES;
				GCC_WARN_UNINITIALIZED_AUTOS = YES_AGGRESSIVE;
				GCC_WARN_UNUSED_FUNCTION = YES;
				GCC_WARN_UNUSED_VARIABLE = YES;
				INFOPLIST_FILE = "Example-iOS/Info.plist";
				IPHONEOS_DEPLOYMENT_TARGET = 13.1;
				LD_RUNPATH_SEARCH_PATHS = "$(inherited) @executable_path/Frameworks";
				MTL_ENABLE_DEBUG_INFO = INCLUDE_SOURCE;
				MTL_FAST_MATH = YES;
				PRODUCT_BUNDLE_IDENTIFIER = "com.oleg-ketrar.Example-iOS";
				PRODUCT_NAME = "$(TARGET_NAME)";
				SWIFT_ACTIVE_COMPILATION_CONDITIONS = DEBUG;
				SWIFT_VERSION = 5.0;
				TARGETED_DEVICE_FAMILY = 1;
			};
			name = Debug;
		};
		5520876223413FA70049EDBA /* Release */ = {
			isa = XCBuildConfiguration;
			buildSettings = {
				ALWAYS_SEARCH_USER_PATHS = NO;
				ASSETCATALOG_COMPILER_APPICON_NAME = AppIcon;
				CLANG_ANALYZER_NONNULL = YES;
				CLANG_ANALYZER_NUMBER_OBJECT_CONVERSION = YES_AGGRESSIVE;
				CLANG_CXX_LANGUAGE_STANDARD = "gnu++14";
				CLANG_CXX_LIBRARY = "libc++";
				CLANG_ENABLE_MODULES = YES;
				CLANG_ENABLE_OBJC_WEAK = YES;
				CLANG_WARN_BLOCK_CAPTURE_AUTORELEASING = YES;
				CLANG_WARN_BOOL_CONVERSION = YES;
				CLANG_WARN_COMMA = YES;
				CLANG_WARN_CONSTANT_CONVERSION = YES;
				CLANG_WARN_DEPRECATED_OBJC_IMPLEMENTATIONS = YES;
				CLANG_WARN_DIRECT_OBJC_ISA_USAGE = YES_ERROR;
				CLANG_WARN_DOCUMENTATION_COMMENTS = YES;
				CLANG_WARN_EMPTY_BODY = YES;
				CLANG_WARN_ENUM_CONVERSION = YES;
				CLANG_WARN_INFINITE_RECURSION = YES;
				CLANG_WARN_INT_CONVERSION = YES;
				CLANG_WARN_NON_LITERAL_NULL_CONVERSION = YES;
				CLANG_WARN_OBJC_IMPLICIT_RETAIN_SELF = YES;
				CLANG_WARN_OBJC_LITERAL_CONVERSION = YES;
				CLANG_WARN_OBJC_ROOT_CLASS = YES_ERROR;
				CLANG_WARN_RANGE_LOOP_ANALYSIS = YES;
				CLANG_WARN_STRICT_PROTOTYPES = YES;
				CLANG_WARN_SUSPICIOUS_MOVE = YES;
				CLANG_WARN_UNGUARDED_AVAILABILITY = YES_AGGRESSIVE;
				CLANG_WARN_UNREACHABLE_CODE = YES;
				CLANG_WARN__DUPLICATE_METHOD_MATCH = YES;
				CODE_SIGN_STYLE = Automatic;
				COPY_PHASE_STRIP = NO;
				DEVELOPMENT_TEAM = K3JVG969PH;
				ENABLE_NS_ASSERTIONS = NO;
				ENABLE_STRICT_OBJC_MSGSEND = YES;
				GCC_C_LANGUAGE_STANDARD = gnu11;
				GCC_NO_COMMON_BLOCKS = YES;
				GCC_WARN_64_TO_32_BIT_CONVERSION = YES;
				GCC_WARN_ABOUT_RETURN_TYPE = YES_ERROR;
				GCC_WARN_UNDECLARED_SELECTOR = YES;
				GCC_WARN_UNINITIALIZED_AUTOS = YES_AGGRESSIVE;
				GCC_WARN_UNUSED_FUNCTION = YES;
				GCC_WARN_UNUSED_VARIABLE = YES;
				INFOPLIST_FILE = "Example-iOS/Info.plist";
				IPHONEOS_DEPLOYMENT_TARGET = 13.1;
				LD_RUNPATH_SEARCH_PATHS = "$(inherited) @executable_path/Frameworks";
				MTL_ENABLE_DEBUG_INFO = NO;
				MTL_FAST_MATH = YES;
				PRODUCT_BUNDLE_IDENTIFIER = "com.oleg-ketrar.Example-iOS";
				PRODUCT_NAME = "$(TARGET_NAME)";
				SWIFT_VERSION = 5.0;
				TARGETED_DEVICE_FAMILY = 1;
				VALIDATE_PRODUCT = YES;
			};
			name = Release;
		};
		OBJ_3 /* Debug */ = {
			isa = XCBuildConfiguration;
			buildSettings = {
				CLANG_ENABLE_OBJC_ARC = YES;
				COMBINE_HIDPI_IMAGES = YES;
				COPY_PHASE_STRIP = NO;
				DEBUG_INFORMATION_FORMAT = dwarf;
				DYLIB_INSTALL_NAME_BASE = "@rpath";
				ENABLE_NS_ASSERTIONS = YES;
				GCC_OPTIMIZATION_LEVEL = 0;
				GCC_PREPROCESSOR_DEFINITIONS = (
					"$(inherited)",
					"SWIFT_PACKAGE=1",
					"DEBUG=1",
				);
				IPHONEOS_DEPLOYMENT_TARGET = 9.0;
				MACOSX_DEPLOYMENT_TARGET = 10.10;
				ONLY_ACTIVE_ARCH = YES;
				OTHER_SWIFT_FLAGS = "$(inherited) -DXcode";
				PRODUCT_NAME = "$(TARGET_NAME)";
				SDKROOT = iphoneos;
				SUPPORTED_PLATFORMS = "iphonesimulator iphoneos";
				SWIFT_ACTIVE_COMPILATION_CONDITIONS = "$(inherited) SWIFT_PACKAGE DEBUG";
				SWIFT_OPTIMIZATION_LEVEL = "-Onone";
				SWIFT_SWIFT3_OBJC_INFERENCE = Off;
				SWIFT_VERSION = 5.0;
				USE_HEADERMAP = NO;
			};
			name = Debug;
		};
		OBJ_38 /* Debug */ = {
			isa = XCBuildConfiguration;
			buildSettings = {
				ENABLE_TESTABILITY = YES;
				FRAMEWORK_SEARCH_PATHS = (
					"$(inherited)",
					"$(PLATFORM_DIR)/Developer/Library/Frameworks",
				);
				HEADER_SEARCH_PATHS = "$(inherited)";
				INFOPLIST_FILE = NetworkMonitor.xcodeproj/NetworkMonitor_Info.plist;
				IPHONEOS_DEPLOYMENT_TARGET = 9.0;
				LD_RUNPATH_SEARCH_PATHS = "$(inherited) $(TOOLCHAIN_DIR)/usr/lib/swift/macosx";
				MACOSX_DEPLOYMENT_TARGET = 10.10;
				OTHER_CFLAGS = "$(inherited)";
				OTHER_LDFLAGS = "$(inherited)";
				OTHER_SWIFT_FLAGS = "$(inherited)";
				PRODUCT_BUNDLE_IDENTIFIER = NetworkMonitor;
				PRODUCT_MODULE_NAME = "$(TARGET_NAME:c99extidentifier)";
				PRODUCT_NAME = "$(TARGET_NAME:c99extidentifier)";
				SKIP_INSTALL = YES;
				SWIFT_ACTIVE_COMPILATION_CONDITIONS = "$(inherited)";
				SWIFT_VERSION = 5.0;
				TARGET_NAME = NetworkMonitor;
				TVOS_DEPLOYMENT_TARGET = 9.0;
				WATCHOS_DEPLOYMENT_TARGET = 2.0;
			};
			name = Debug;
		};
		OBJ_39 /* Release */ = {
			isa = XCBuildConfiguration;
			buildSettings = {
				ENABLE_TESTABILITY = YES;
				FRAMEWORK_SEARCH_PATHS = (
					"$(inherited)",
					"$(PLATFORM_DIR)/Developer/Library/Frameworks",
				);
				HEADER_SEARCH_PATHS = "$(inherited)";
				INFOPLIST_FILE = NetworkMonitor.xcodeproj/NetworkMonitor_Info.plist;
				IPHONEOS_DEPLOYMENT_TARGET = 9.0;
				LD_RUNPATH_SEARCH_PATHS = "$(inherited) $(TOOLCHAIN_DIR)/usr/lib/swift/macosx";
				MACOSX_DEPLOYMENT_TARGET = 10.10;
				OTHER_CFLAGS = "$(inherited)";
				OTHER_LDFLAGS = "$(inherited)";
				OTHER_SWIFT_FLAGS = "$(inherited)";
				PRODUCT_BUNDLE_IDENTIFIER = NetworkMonitor;
				PRODUCT_MODULE_NAME = "$(TARGET_NAME:c99extidentifier)";
				PRODUCT_NAME = "$(TARGET_NAME:c99extidentifier)";
				SKIP_INSTALL = YES;
				SWIFT_ACTIVE_COMPILATION_CONDITIONS = "$(inherited)";
				SWIFT_VERSION = 5.0;
				TARGET_NAME = NetworkMonitor;
				TVOS_DEPLOYMENT_TARGET = 9.0;
				WATCHOS_DEPLOYMENT_TARGET = 2.0;
			};
			name = Release;
		};
		OBJ_4 /* Release */ = {
			isa = XCBuildConfiguration;
			buildSettings = {
				CLANG_ENABLE_OBJC_ARC = YES;
				COMBINE_HIDPI_IMAGES = YES;
				COPY_PHASE_STRIP = YES;
				DEBUG_INFORMATION_FORMAT = "dwarf-with-dsym";
				DYLIB_INSTALL_NAME_BASE = "@rpath";
				GCC_OPTIMIZATION_LEVEL = s;
				GCC_PREPROCESSOR_DEFINITIONS = (
					"$(inherited)",
					"SWIFT_PACKAGE=1",
				);
				IPHONEOS_DEPLOYMENT_TARGET = 9.0;
				MACOSX_DEPLOYMENT_TARGET = 10.10;
				OTHER_SWIFT_FLAGS = "$(inherited) -DXcode";
				PRODUCT_NAME = "$(TARGET_NAME)";
				SDKROOT = iphoneos;
				SUPPORTED_PLATFORMS = "iphonesimulator iphoneos";
				SWIFT_ACTIVE_COMPILATION_CONDITIONS = "$(inherited) SWIFT_PACKAGE";
				SWIFT_OPTIMIZATION_LEVEL = "-Owholemodule";
				SWIFT_SWIFT3_OBJC_INFERENCE = Off;
				SWIFT_VERSION = 5.0;
				USE_HEADERMAP = NO;
			};
			name = Release;
		};
/* End XCBuildConfiguration section */

/* Begin XCConfigurationList section */
		5520876323413FA70049EDBA /* Build configuration list for PBXNativeTarget "Example-iOS" */ = {
			isa = XCConfigurationList;
			buildConfigurations = (
				5520876123413FA70049EDBA /* Debug */,
				5520876223413FA70049EDBA /* Release */,
			);
			defaultConfigurationIsVisible = 0;
			defaultConfigurationName = Release;
		};
		OBJ_2 /* Build configuration list for PBXProject "NetworkMonitor" */ = {
			isa = XCConfigurationList;
			buildConfigurations = (
				OBJ_3 /* Debug */,
				OBJ_4 /* Release */,
			);
			defaultConfigurationIsVisible = 0;
			defaultConfigurationName = Release;
		};
		OBJ_37 /* Build configuration list for PBXNativeTarget "NetworkMonitor" */ = {
			isa = XCConfigurationList;
			buildConfigurations = (
				OBJ_38 /* Debug */,
				OBJ_39 /* Release */,
			);
			defaultConfigurationIsVisible = 0;
			defaultConfigurationName = Release;
		};
/* End XCConfigurationList section */
	};
	rootObject = OBJ_1 /* Project object */;
}
